{
  "name": "google-closure-compiler-acocr",
  "version": "1.0.2",
  "lockfileVersion": 2,
  "requires": true,
  "packages": {
    "": {
      "name": "google-closure-compiler-acocr",
      "version": "1.0.2",
      "license": "Apache-2.0",
      "dependencies": {
        "google-closure-compiler-java": ">=20220104.0.0"
      },
      "bin": {
        "google-closure-compiler-acocr": "cli.js"
      }
    },
    "node_modules/google-closure-compiler-java": {
      "version": "20220104.0.0",
      "resolved": "https://registry.npmjs.org/google-closure-compiler-java/-/google-closure-compiler-java-20220104.0.0.tgz",
      "integrity": "sha512-cnxEfms548+whhdtIT5MLNVfHcXasYmsUGpyrdLDX+0xR4t+oJBT7RI/O7qOusoqXdW6lwAIT2jbFI8Irk6eVQ=="
    }
  },
  "dependencies": {
    "google-closure-compiler-java": {
      "version": "20220104.0.0",
      "resolved": "https://registry.npmjs.org/google-closure-compiler-java/-/google-closure-compiler-java-20220104.0.0.tgz",
      "integrity": "sha512-cnxEfms548+whhdtIT5MLNVfHcXasYmsUGpyrdLDX+0xR4t+oJBT7RI/O7qOusoqXdW6lwAIT2jbFI8Irk6eVQ=="
    }
  }
}
